
Microsoft Visual Studio Solution File, Format Version 12.00
# Visual Studio Version 16
VisualStudioVersion = 16.0.30225.117
MinimumVisualStudioVersion = 10.0.40219.1
Project("{FAE04EC0-301F-11D3-BF4B-00C04F79EFBC}") = "Vidly", "Vidly\Vidly.csproj", "{1DFF94B2-0662-4E4D-B2C9-0A1C11AD34D7}"
EndProject
Global
	GlobalSection(SolutionConfigurationPlatforms) = preSolution
		Debug|Any CPU = Debug|Any CPU
		Release|Any CPU = Release|Any CPU
	EndGlobalSection
	GlobalSection(ProjectConfigurationPlatforms) = postSolution
		{1DFF94B2-0662-4E4D-B2C9-0A1C11AD34D7}.Debug|Any CPU.ActiveCfg = Debug|Any CPU
		{1DFF94B2-0662-4E4D-B2C9-0A1C11AD34D7}.Debug|Any CPU.Build.0 = Debug|Any CPU
		{1DFF94B2-0662-4E4D-B2C9-0A1C11AD34D7}.Release|Any CPU.ActiveCfg = Release|Any CPU
		{1DFF94B2-0662-4E4D-B2C9-0A1C11AD34D7}.Release|Any CPU.Build.0 = Release|Any CPU
	EndGlobalSection
	GlobalSection(SolutionProperties) = preSolution
		HideSolutionNode = FALSE
	EndGlobalSection
	GlobalSection(ExtensibilityGlobals) = postSolution
		SolutionGuid = {5FBEF5D4-0E9C-4546-9D73-A0C70977C380}
	EndGlobalSection
EndGlobal
